
Microsoft Visual Studio Solution File, Format Version 12.00
# Visual Studio Version 17
VisualStudioVersion = 17.7.34031.279
MinimumVisualStudioVersion = 10.0.40219.1
Project("{FAE04EC0-301F-11D3-BF4B-00C04F79EFBC}") = "UpdateServer2", "UpdateServer2\UpdateServer2.csproj", "{21EB9827-CDF9-481F-A79D-F2F5D132E4BF}"
EndProject
Global
	GlobalSection(SolutionConfigurationPlatforms) = preSolution
		Debug|Any CPU = Debug|Any CPU
		Release|Any CPU = Release|Any CPU
	EndGlobalSection
	GlobalSection(ProjectConfigurationPlatforms) = postSolution
		{21EB9827-CDF9-481F-A79D-F2F5D132E4BF}.Debug|Any CPU.ActiveCfg = Debug|Any CPU
		{21EB9827-CDF9-481F-A79D-F2F5D132E4BF}.Debug|Any CPU.Build.0 = Debug|Any CPU
		{21EB9827-CDF9-481F-A79D-F2F5D132E4BF}.Release|Any CPU.ActiveCfg = Release|Any CPU
		{21EB9827-CDF9-481F-A79D-F2F5D132E4BF}.Release|Any CPU.Build.0 = Release|Any CPU
	EndGlobalSection
	GlobalSection(SolutionProperties) = preSolution
		HideSolutionNode = FALSE
	EndGlobalSection
	GlobalSection(ExtensibilityGlobals) = postSolution
		SolutionGuid = {D10C17EA-7BD1-491F-A708-B5BF91679216}
	EndGlobalSection
EndGlobal
