
Microsoft Visual Studio Solution File, Format Version 12.00
# Visual Studio Version 17
VisualStudioVersion = 17.7.34221.43
MinimumVisualStudioVersion = 10.0.40219.1
Project("{FAE04EC0-301F-11D3-BF4B-00C04F79EFBC}") = "Pinvoke_Test", "Pinvoke_Test\Pinvoke_Test.csproj", "{5A35052A-7F00-404C-932E-6130980387B9}"
EndProject
Project("{FAE04EC0-301F-11D3-BF4B-00C04F79EFBC}") = "WinFormsApp1", "WinFormsApp1\WinFormsApp1.csproj", "{4B957355-CA8A-4E15-92EE-75DAA4E934C5}"
EndProject
Global
	GlobalSection(SolutionConfigurationPlatforms) = preSolution
		Debug|Any CPU = Debug|Any CPU
		Release|Any CPU = Release|Any CPU
	EndGlobalSection
	GlobalSection(ProjectConfigurationPlatforms) = postSolution
		{5A35052A-7F00-404C-932E-6130980387B9}.Debug|Any CPU.ActiveCfg = Debug|Any CPU
		{5A35052A-7F00-404C-932E-6130980387B9}.Debug|Any CPU.Build.0 = Debug|Any CPU
		{5A35052A-7F00-404C-932E-6130980387B9}.Release|Any CPU.ActiveCfg = Release|Any CPU
		{5A35052A-7F00-404C-932E-6130980387B9}.Release|Any CPU.Build.0 = Release|Any CPU
		{4B957355-CA8A-4E15-92EE-75DAA4E934C5}.Debug|Any CPU.ActiveCfg = Debug|Any CPU
		{4B957355-CA8A-4E15-92EE-75DAA4E934C5}.Debug|Any CPU.Build.0 = Debug|Any CPU
		{4B957355-CA8A-4E15-92EE-75DAA4E934C5}.Release|Any CPU.ActiveCfg = Release|Any CPU
		{4B957355-CA8A-4E15-92EE-75DAA4E934C5}.Release|Any CPU.Build.0 = Release|Any CPU
	EndGlobalSection
	GlobalSection(SolutionProperties) = preSolution
		HideSolutionNode = FALSE
	EndGlobalSection
	GlobalSection(ExtensibilityGlobals) = postSolution
		SolutionGuid = {807138AF-40DB-4904-9025-03A04153BCEB}
	EndGlobalSection
EndGlobal
